
Microsoft Visual Studio Solution File, Format Version 12.00
Project("{2150E333-8FDC-42A3-9474-1A3956D46DE8}") = "src", "src", "{0224A1E6-516D-4C81-9AA9-FE563D5CCB9F}"
EndProject
Project("{2150E333-8FDC-42A3-9474-1A3956D46DE8}") = "test", "test", "{93B24475-785E-443D-A294-3AD44D4A617E}"
EndProject
Project("{FAE04EC0-301F-11D3-BF4B-00C04F79EFBC}") = "Domain", "Domain\Domain.csproj", "{669DED6C-5775-452A-97A8-07FE9D92507F}"
EndProject
Project("{FAE04EC0-301F-11D3-BF4B-00C04F79EFBC}") = "Infrastructure", "Infrastructure\Infrastructure.csproj", "{5C807789-C498-41A3-BE08-FEF12DFDFD03}"
EndProject
Project("{FAE04EC0-301F-11D3-BF4B-00C04F79EFBC}") = "Application", "Application\Application.csproj", "{D24F59A1-803C-44BD-A69E-B1037B1D6E80}"
EndProject
Project("{FAE04EC0-301F-11D3-BF4B-00C04F79EFBC}") = "Web Api", "Web Api\Web Api.csproj", "{AACC87F8-3E9E-4682-B2CA-1F7AF4515FBD}"
EndProject
Project("{FAE04EC0-301F-11D3-BF4B-00C04F79EFBC}") = "Application.UnitTests", "Application.UnitTests\Application.UnitTests.csproj", "{68C6E9EC-D90F-4393-94D8-240A395D772C}"
EndProject
Global
	GlobalSection(SolutionConfigurationPlatforms) = preSolution
		Debug|Any CPU = Debug|Any CPU
		Release|Any CPU = Release|Any CPU
	EndGlobalSection
	GlobalSection(NestedProjects) = preSolution
		{669DED6C-5775-452A-97A8-07FE9D92507F} = {0224A1E6-516D-4C81-9AA9-FE563D5CCB9F}
		{5C807789-C498-41A3-BE08-FEF12DFDFD03} = {0224A1E6-516D-4C81-9AA9-FE563D5CCB9F}
		{D24F59A1-803C-44BD-A69E-B1037B1D6E80} = {0224A1E6-516D-4C81-9AA9-FE563D5CCB9F}
		{AACC87F8-3E9E-4682-B2CA-1F7AF4515FBD} = {0224A1E6-516D-4C81-9AA9-FE563D5CCB9F}
		{68C6E9EC-D90F-4393-94D8-240A395D772C} = {93B24475-785E-443D-A294-3AD44D4A617E}
	EndGlobalSection
	GlobalSection(ProjectConfigurationPlatforms) = postSolution
		{669DED6C-5775-452A-97A8-07FE9D92507F}.Debug|Any CPU.ActiveCfg = Debug|Any CPU
		{669DED6C-5775-452A-97A8-07FE9D92507F}.Debug|Any CPU.Build.0 = Debug|Any CPU
		{669DED6C-5775-452A-97A8-07FE9D92507F}.Release|Any CPU.ActiveCfg = Release|Any CPU
		{669DED6C-5775-452A-97A8-07FE9D92507F}.Release|Any CPU.Build.0 = Release|Any CPU
		{5C807789-C498-41A3-BE08-FEF12DFDFD03}.Debug|Any CPU.ActiveCfg = Debug|Any CPU
		{5C807789-C498-41A3-BE08-FEF12DFDFD03}.Debug|Any CPU.Build.0 = Debug|Any CPU
		{5C807789-C498-41A3-BE08-FEF12DFDFD03}.Release|Any CPU.ActiveCfg = Release|Any CPU
		{5C807789-C498-41A3-BE08-FEF12DFDFD03}.Release|Any CPU.Build.0 = Release|Any CPU
		{D24F59A1-803C-44BD-A69E-B1037B1D6E80}.Debug|Any CPU.ActiveCfg = Debug|Any CPU
		{D24F59A1-803C-44BD-A69E-B1037B1D6E80}.Debug|Any CPU.Build.0 = Debug|Any CPU
		{D24F59A1-803C-44BD-A69E-B1037B1D6E80}.Release|Any CPU.ActiveCfg = Release|Any CPU
		{D24F59A1-803C-44BD-A69E-B1037B1D6E80}.Release|Any CPU.Build.0 = Release|Any CPU
		{AACC87F8-3E9E-4682-B2CA-1F7AF4515FBD}.Debug|Any CPU.ActiveCfg = Debug|Any CPU
		{AACC87F8-3E9E-4682-B2CA-1F7AF4515FBD}.Debug|Any CPU.Build.0 = Debug|Any CPU
		{AACC87F8-3E9E-4682-B2CA-1F7AF4515FBD}.Release|Any CPU.ActiveCfg = Release|Any CPU
		{AACC87F8-3E9E-4682-B2CA-1F7AF4515FBD}.Release|Any CPU.Build.0 = Release|Any CPU
		{68C6E9EC-D90F-4393-94D8-240A395D772C}.Debug|Any CPU.ActiveCfg = Debug|Any CPU
		{68C6E9EC-D90F-4393-94D8-240A395D772C}.Debug|Any CPU.Build.0 = Debug|Any CPU
		{68C6E9EC-D90F-4393-94D8-240A395D772C}.Release|Any CPU.ActiveCfg = Release|Any CPU
		{68C6E9EC-D90F-4393-94D8-240A395D772C}.Release|Any CPU.Build.0 = Release|Any CPU
	EndGlobalSection
EndGlobal
